
Microsoft Visual Studio Solution File, Format Version 12.00
# Visual Studio Version 16
VisualStudioVersion = 16.0.30503.244
MinimumVisualStudioVersion = 10.0.40219.1
Project("{9A19103F-16F7-4668-BE54-9A1E7A4F7556}") = "HelloWorld", "HelloWorld\HelloWorld.csproj", "{BD2E225B-3B45-4B33-B6BD-06ECEBFEE536}"
EndProject
Project("{FAE04EC0-301F-11D3-BF4B-00C04F79EFBC}") = "Excercise1", "Excercise1\Excercise1.csproj", "{D8D0A7D3-3D81-4251-B9D9-F07513D7DB45}"
EndProject
Project("{FAE04EC0-301F-11D3-BF4B-00C04F79EFBC}") = "Exercise2", "Exercise2\Exercise2.csproj", "{37295371-06D2-4267-A069-986E4C7D79DE}"
EndProject
Project("{FAE04EC0-301F-11D3-BF4B-00C04F79EFBC}") = "Exercise3", "Exercise3\Exercise3.csproj", "{1AEBBE9D-A765-4532-99F5-9A1B2A6FDA3D}"
EndProject
Project("{FAE04EC0-301F-11D3-BF4B-00C04F79EFBC}") = "Exercise4", "Exercise4\Exercise4.csproj", "{51CAB17A-1DFE-499F-A3D5-2F5C645931FA}"
EndProject
Global
	GlobalSection(SolutionConfigurationPlatforms) = preSolution
		Debug|Any CPU = Debug|Any CPU
		Release|Any CPU = Release|Any CPU
	EndGlobalSection
	GlobalSection(ProjectConfigurationPlatforms) = postSolution
		{BD2E225B-3B45-4B33-B6BD-06ECEBFEE536}.Debug|Any CPU.ActiveCfg = Debug|Any CPU
		{BD2E225B-3B45-4B33-B6BD-06ECEBFEE536}.Debug|Any CPU.Build.0 = Debug|Any CPU
		{BD2E225B-3B45-4B33-B6BD-06ECEBFEE536}.Release|Any CPU.ActiveCfg = Release|Any CPU
		{BD2E225B-3B45-4B33-B6BD-06ECEBFEE536}.Release|Any CPU.Build.0 = Release|Any CPU
		{D8D0A7D3-3D81-4251-B9D9-F07513D7DB45}.Debug|Any CPU.ActiveCfg = Debug|Any CPU
		{D8D0A7D3-3D81-4251-B9D9-F07513D7DB45}.Debug|Any CPU.Build.0 = Debug|Any CPU
		{D8D0A7D3-3D81-4251-B9D9-F07513D7DB45}.Release|Any CPU.ActiveCfg = Release|Any CPU
		{D8D0A7D3-3D81-4251-B9D9-F07513D7DB45}.Release|Any CPU.Build.0 = Release|Any CPU
		{37295371-06D2-4267-A069-986E4C7D79DE}.Debug|Any CPU.ActiveCfg = Debug|Any CPU
		{37295371-06D2-4267-A069-986E4C7D79DE}.Debug|Any CPU.Build.0 = Debug|Any CPU
		{37295371-06D2-4267-A069-986E4C7D79DE}.Release|Any CPU.ActiveCfg = Release|Any CPU
		{37295371-06D2-4267-A069-986E4C7D79DE}.Release|Any CPU.Build.0 = Release|Any CPU
		{1AEBBE9D-A765-4532-99F5-9A1B2A6FDA3D}.Debug|Any CPU.ActiveCfg = Debug|Any CPU
		{1AEBBE9D-A765-4532-99F5-9A1B2A6FDA3D}.Debug|Any CPU.Build.0 = Debug|Any CPU
		{1AEBBE9D-A765-4532-99F5-9A1B2A6FDA3D}.Release|Any CPU.ActiveCfg = Release|Any CPU
		{1AEBBE9D-A765-4532-99F5-9A1B2A6FDA3D}.Release|Any CPU.Build.0 = Release|Any CPU
		{51CAB17A-1DFE-499F-A3D5-2F5C645931FA}.Debug|Any CPU.ActiveCfg = Debug|Any CPU
		{51CAB17A-1DFE-499F-A3D5-2F5C645931FA}.Debug|Any CPU.Build.0 = Debug|Any CPU
		{51CAB17A-1DFE-499F-A3D5-2F5C645931FA}.Release|Any CPU.ActiveCfg = Release|Any CPU
		{51CAB17A-1DFE-499F-A3D5-2F5C645931FA}.Release|Any CPU.Build.0 = Release|Any CPU
	EndGlobalSection
	GlobalSection(SolutionProperties) = preSolution
		HideSolutionNode = FALSE
	EndGlobalSection
	GlobalSection(ExtensibilityGlobals) = postSolution
		SolutionGuid = {A063B690-A967-441A-8309-91C2E36EBDF2}
	EndGlobalSection
EndGlobal
