
Microsoft Visual Studio Solution File, Format Version 12.00
# Visual Studio Version 16
VisualStudioVersion = 16.0.30503.244
MinimumVisualStudioVersion = 10.0.40219.1
Project("{9A19103F-16F7-4668-BE54-9A1E7A4F7556}") = "HelloWorld", "HelloWorld\HelloWorld.csproj", "{BD2E225B-3B45-4B33-B6BD-06ECEBFEE536}"
EndProject
Project("{FAE04EC0-301F-11D3-BF4B-00C04F79EFBC}") = "Day2-Exercise1", "Excercise1\Day2-Exercise1.csproj", "{D8D0A7D3-3D81-4251-B9D9-F07513D7DB45}"
EndProject
Project("{FAE04EC0-301F-11D3-BF4B-00C04F79EFBC}") = "Day2-Exercise2", "Exercise2\Day2-Exercise2.csproj", "{37295371-06D2-4267-A069-986E4C7D79DE}"
EndProject
Project("{FAE04EC0-301F-11D3-BF4B-00C04F79EFBC}") = "Day2-Exercise3", "Exercise3\Day2-Exercise3.csproj", "{1AEBBE9D-A765-4532-99F5-9A1B2A6FDA3D}"
EndProject
Project("{FAE04EC0-301F-11D3-BF4B-00C04F79EFBC}") = "Day2-Exercise4", "Exercise4\Day2-Exercise4.csproj", "{51CAB17A-1DFE-499F-A3D5-2F5C645931FA}"
EndProject
Project("{FAE04EC0-301F-11D3-BF4B-00C04F79EFBC}") = "Day2-Random", "Day2-Random\Day2-Random.csproj", "{48D626A0-0DA3-44C8-AA9A-07C2C66CD5A1}"
EndProject
Project("{FAE04EC0-301F-11D3-BF4B-00C04F79EFBC}") = "Day2-Exercise5", "Day2-Exercise5\Day2-Exercise5.csproj", "{BBFB1A96-FB86-40EF-9FDD-7B84592D29BE}"
EndProject
Project("{FAE04EC0-301F-11D3-BF4B-00C04F79EFBC}") = "Day2-Exercise6", "Day2-Exercise6\Day2-Exercise6.csproj", "{36C5F497-99B6-4EFF-8CB6-7F5DF97A14BD}"
EndProject
Project("{FAE04EC0-301F-11D3-BF4B-00C04F79EFBC}") = "Day2-Exercise7", "Day2-Exercise7\Day2-Exercise7.csproj", "{DF413375-52FB-48C3-B445-E1A902B44BA7}"
EndProject
Project("{FAE04EC0-301F-11D3-BF4B-00C04F79EFBC}") = "Day2-Exercise8", "Day2-Exercise8\Day2-Exercise8.csproj", "{5C5D565C-2A0C-4233-9C7F-E1902E948556}"
EndProject
Project("{FAE04EC0-301F-11D3-BF4B-00C04F79EFBC}") = "Day2-Exercise9", "Day2-Exercise9\Day2-Exercise9.csproj", "{750B7291-899B-44F4-8E50-7AF636471064}"
EndProject
Project("{FAE04EC0-301F-11D3-BF4B-00C04F79EFBC}") = "Arrays", "Arrays\Arrays.csproj", "{4BBC1FDF-BAF8-40B2-A4D4-957B5510F259}"
EndProject
Project("{FAE04EC0-301F-11D3-BF4B-00C04F79EFBC}") = "List", "List\List.csproj", "{BD4A3942-B674-4FD2-90A4-ACDECCDA8B8D}"
EndProject
Project("{FAE04EC0-301F-11D3-BF4B-00C04F79EFBC}") = "Day3-Exercise1", "Day3-Exercise1\Day3-Exercise1.csproj", "{93EA9EAF-E62F-412B-8AB9-860D10B2B316}"
EndProject
Project("{FAE04EC0-301F-11D3-BF4B-00C04F79EFBC}") = "Day3-Exercise2", "Day3-Exercise2\Day3-Exercise2.csproj", "{505C42CE-C916-4FE2-B745-C84675EF7CF7}"
EndProject
Project("{FAE04EC0-301F-11D3-BF4B-00C04F79EFBC}") = "Day3-Exercise3", "Day3-Exercise3\Day3-Exercise3.csproj", "{62AFF065-E38E-4345-B3BC-C4D6F1C6E519}"
EndProject
Project("{FAE04EC0-301F-11D3-BF4B-00C04F79EFBC}") = "Day3-Exercise4", "Day3-Exercise4\Day3-Exercise4.csproj", "{1C2B540F-3351-4984-B86D-04C3FF70B961}"
EndProject
Project("{FAE04EC0-301F-11D3-BF4B-00C04F79EFBC}") = "Day3-Exercise5", "Day3-Exercise5\Day3-Exercise5.csproj", "{5ADE61EA-7399-4310-949D-1784EC8B5D3A}"
EndProject
Project("{FAE04EC0-301F-11D3-BF4B-00C04F79EFBC}") = "_DateTime", "DateTime\_DateTime.csproj", "{3ACA1B7A-0D9C-491E-A819-2613A7594714}"
EndProject
Project("{FAE04EC0-301F-11D3-BF4B-00C04F79EFBC}") = "Day3-Exercise6", "Day3-Exercise6\Day3-Exercise6.csproj", "{4B4A511F-874D-454D-9BF5-E3969F2AD9F9}"
EndProject
Project("{FAE04EC0-301F-11D3-BF4B-00C04F79EFBC}") = "Day3-Exercise7", "Day3-Exercise7\Day3-Exercise7.csproj", "{DC30E1F6-03B8-456E-AB3B-30F7C7951FF0}"
EndProject
Global
	GlobalSection(SolutionConfigurationPlatforms) = preSolution
		Debug|Any CPU = Debug|Any CPU
		Release|Any CPU = Release|Any CPU
	EndGlobalSection
	GlobalSection(ProjectConfigurationPlatforms) = postSolution
		{BD2E225B-3B45-4B33-B6BD-06ECEBFEE536}.Debug|Any CPU.ActiveCfg = Debug|Any CPU
		{BD2E225B-3B45-4B33-B6BD-06ECEBFEE536}.Debug|Any CPU.Build.0 = Debug|Any CPU
		{BD2E225B-3B45-4B33-B6BD-06ECEBFEE536}.Release|Any CPU.ActiveCfg = Release|Any CPU
		{BD2E225B-3B45-4B33-B6BD-06ECEBFEE536}.Release|Any CPU.Build.0 = Release|Any CPU
		{D8D0A7D3-3D81-4251-B9D9-F07513D7DB45}.Debug|Any CPU.ActiveCfg = Debug|Any CPU
		{D8D0A7D3-3D81-4251-B9D9-F07513D7DB45}.Debug|Any CPU.Build.0 = Debug|Any CPU
		{D8D0A7D3-3D81-4251-B9D9-F07513D7DB45}.Release|Any CPU.ActiveCfg = Release|Any CPU
		{D8D0A7D3-3D81-4251-B9D9-F07513D7DB45}.Release|Any CPU.Build.0 = Release|Any CPU
		{37295371-06D2-4267-A069-986E4C7D79DE}.Debug|Any CPU.ActiveCfg = Debug|Any CPU
		{37295371-06D2-4267-A069-986E4C7D79DE}.Debug|Any CPU.Build.0 = Debug|Any CPU
		{37295371-06D2-4267-A069-986E4C7D79DE}.Release|Any CPU.ActiveCfg = Release|Any CPU
		{37295371-06D2-4267-A069-986E4C7D79DE}.Release|Any CPU.Build.0 = Release|Any CPU
		{1AEBBE9D-A765-4532-99F5-9A1B2A6FDA3D}.Debug|Any CPU.ActiveCfg = Debug|Any CPU
		{1AEBBE9D-A765-4532-99F5-9A1B2A6FDA3D}.Debug|Any CPU.Build.0 = Debug|Any CPU
		{1AEBBE9D-A765-4532-99F5-9A1B2A6FDA3D}.Release|Any CPU.ActiveCfg = Release|Any CPU
		{1AEBBE9D-A765-4532-99F5-9A1B2A6FDA3D}.Release|Any CPU.Build.0 = Release|Any CPU
		{51CAB17A-1DFE-499F-A3D5-2F5C645931FA}.Debug|Any CPU.ActiveCfg = Debug|Any CPU
		{51CAB17A-1DFE-499F-A3D5-2F5C645931FA}.Debug|Any CPU.Build.0 = Debug|Any CPU
		{51CAB17A-1DFE-499F-A3D5-2F5C645931FA}.Release|Any CPU.ActiveCfg = Release|Any CPU
		{51CAB17A-1DFE-499F-A3D5-2F5C645931FA}.Release|Any CPU.Build.0 = Release|Any CPU
		{48D626A0-0DA3-44C8-AA9A-07C2C66CD5A1}.Debug|Any CPU.ActiveCfg = Debug|Any CPU
		{48D626A0-0DA3-44C8-AA9A-07C2C66CD5A1}.Debug|Any CPU.Build.0 = Debug|Any CPU
		{48D626A0-0DA3-44C8-AA9A-07C2C66CD5A1}.Release|Any CPU.ActiveCfg = Release|Any CPU
		{48D626A0-0DA3-44C8-AA9A-07C2C66CD5A1}.Release|Any CPU.Build.0 = Release|Any CPU
		{BBFB1A96-FB86-40EF-9FDD-7B84592D29BE}.Debug|Any CPU.ActiveCfg = Debug|Any CPU
		{BBFB1A96-FB86-40EF-9FDD-7B84592D29BE}.Debug|Any CPU.Build.0 = Debug|Any CPU
		{BBFB1A96-FB86-40EF-9FDD-7B84592D29BE}.Release|Any CPU.ActiveCfg = Release|Any CPU
		{BBFB1A96-FB86-40EF-9FDD-7B84592D29BE}.Release|Any CPU.Build.0 = Release|Any CPU
		{36C5F497-99B6-4EFF-8CB6-7F5DF97A14BD}.Debug|Any CPU.ActiveCfg = Debug|Any CPU
		{36C5F497-99B6-4EFF-8CB6-7F5DF97A14BD}.Debug|Any CPU.Build.0 = Debug|Any CPU
		{36C5F497-99B6-4EFF-8CB6-7F5DF97A14BD}.Release|Any CPU.ActiveCfg = Release|Any CPU
		{36C5F497-99B6-4EFF-8CB6-7F5DF97A14BD}.Release|Any CPU.Build.0 = Release|Any CPU
		{DF413375-52FB-48C3-B445-E1A902B44BA7}.Debug|Any CPU.ActiveCfg = Debug|Any CPU
		{DF413375-52FB-48C3-B445-E1A902B44BA7}.Debug|Any CPU.Build.0 = Debug|Any CPU
		{DF413375-52FB-48C3-B445-E1A902B44BA7}.Release|Any CPU.ActiveCfg = Release|Any CPU
		{DF413375-52FB-48C3-B445-E1A902B44BA7}.Release|Any CPU.Build.0 = Release|Any CPU
		{5C5D565C-2A0C-4233-9C7F-E1902E948556}.Debug|Any CPU.ActiveCfg = Debug|Any CPU
		{5C5D565C-2A0C-4233-9C7F-E1902E948556}.Debug|Any CPU.Build.0 = Debug|Any CPU
		{5C5D565C-2A0C-4233-9C7F-E1902E948556}.Release|Any CPU.ActiveCfg = Release|Any CPU
		{5C5D565C-2A0C-4233-9C7F-E1902E948556}.Release|Any CPU.Build.0 = Release|Any CPU
		{750B7291-899B-44F4-8E50-7AF636471064}.Debug|Any CPU.ActiveCfg = Debug|Any CPU
		{750B7291-899B-44F4-8E50-7AF636471064}.Debug|Any CPU.Build.0 = Debug|Any CPU
		{750B7291-899B-44F4-8E50-7AF636471064}.Release|Any CPU.ActiveCfg = Release|Any CPU
		{750B7291-899B-44F4-8E50-7AF636471064}.Release|Any CPU.Build.0 = Release|Any CPU
		{4BBC1FDF-BAF8-40B2-A4D4-957B5510F259}.Debug|Any CPU.ActiveCfg = Debug|Any CPU
		{4BBC1FDF-BAF8-40B2-A4D4-957B5510F259}.Debug|Any CPU.Build.0 = Debug|Any CPU
		{4BBC1FDF-BAF8-40B2-A4D4-957B5510F259}.Release|Any CPU.ActiveCfg = Release|Any CPU
		{4BBC1FDF-BAF8-40B2-A4D4-957B5510F259}.Release|Any CPU.Build.0 = Release|Any CPU
		{BD4A3942-B674-4FD2-90A4-ACDECCDA8B8D}.Debug|Any CPU.ActiveCfg = Debug|Any CPU
		{BD4A3942-B674-4FD2-90A4-ACDECCDA8B8D}.Debug|Any CPU.Build.0 = Debug|Any CPU
		{BD4A3942-B674-4FD2-90A4-ACDECCDA8B8D}.Release|Any CPU.ActiveCfg = Release|Any CPU
		{BD4A3942-B674-4FD2-90A4-ACDECCDA8B8D}.Release|Any CPU.Build.0 = Release|Any CPU
		{93EA9EAF-E62F-412B-8AB9-860D10B2B316}.Debug|Any CPU.ActiveCfg = Debug|Any CPU
		{93EA9EAF-E62F-412B-8AB9-860D10B2B316}.Debug|Any CPU.Build.0 = Debug|Any CPU
		{93EA9EAF-E62F-412B-8AB9-860D10B2B316}.Release|Any CPU.ActiveCfg = Release|Any CPU
		{93EA9EAF-E62F-412B-8AB9-860D10B2B316}.Release|Any CPU.Build.0 = Release|Any CPU
		{505C42CE-C916-4FE2-B745-C84675EF7CF7}.Debug|Any CPU.ActiveCfg = Debug|Any CPU
		{505C42CE-C916-4FE2-B745-C84675EF7CF7}.Debug|Any CPU.Build.0 = Debug|Any CPU
		{505C42CE-C916-4FE2-B745-C84675EF7CF7}.Release|Any CPU.ActiveCfg = Release|Any CPU
		{505C42CE-C916-4FE2-B745-C84675EF7CF7}.Release|Any CPU.Build.0 = Release|Any CPU
		{62AFF065-E38E-4345-B3BC-C4D6F1C6E519}.Debug|Any CPU.ActiveCfg = Debug|Any CPU
		{62AFF065-E38E-4345-B3BC-C4D6F1C6E519}.Debug|Any CPU.Build.0 = Debug|Any CPU
		{62AFF065-E38E-4345-B3BC-C4D6F1C6E519}.Release|Any CPU.ActiveCfg = Release|Any CPU
		{62AFF065-E38E-4345-B3BC-C4D6F1C6E519}.Release|Any CPU.Build.0 = Release|Any CPU
		{1C2B540F-3351-4984-B86D-04C3FF70B961}.Debug|Any CPU.ActiveCfg = Debug|Any CPU
		{1C2B540F-3351-4984-B86D-04C3FF70B961}.Debug|Any CPU.Build.0 = Debug|Any CPU
		{1C2B540F-3351-4984-B86D-04C3FF70B961}.Release|Any CPU.ActiveCfg = Release|Any CPU
		{1C2B540F-3351-4984-B86D-04C3FF70B961}.Release|Any CPU.Build.0 = Release|Any CPU
		{5ADE61EA-7399-4310-949D-1784EC8B5D3A}.Debug|Any CPU.ActiveCfg = Debug|Any CPU
		{5ADE61EA-7399-4310-949D-1784EC8B5D3A}.Debug|Any CPU.Build.0 = Debug|Any CPU
		{5ADE61EA-7399-4310-949D-1784EC8B5D3A}.Release|Any CPU.ActiveCfg = Release|Any CPU
		{5ADE61EA-7399-4310-949D-1784EC8B5D3A}.Release|Any CPU.Build.0 = Release|Any CPU
		{3ACA1B7A-0D9C-491E-A819-2613A7594714}.Debug|Any CPU.ActiveCfg = Debug|Any CPU
		{3ACA1B7A-0D9C-491E-A819-2613A7594714}.Debug|Any CPU.Build.0 = Debug|Any CPU
		{3ACA1B7A-0D9C-491E-A819-2613A7594714}.Release|Any CPU.ActiveCfg = Release|Any CPU
		{3ACA1B7A-0D9C-491E-A819-2613A7594714}.Release|Any CPU.Build.0 = Release|Any CPU
		{4B4A511F-874D-454D-9BF5-E3969F2AD9F9}.Debug|Any CPU.ActiveCfg = Debug|Any CPU
		{4B4A511F-874D-454D-9BF5-E3969F2AD9F9}.Debug|Any CPU.Build.0 = Debug|Any CPU
		{4B4A511F-874D-454D-9BF5-E3969F2AD9F9}.Release|Any CPU.ActiveCfg = Release|Any CPU
		{4B4A511F-874D-454D-9BF5-E3969F2AD9F9}.Release|Any CPU.Build.0 = Release|Any CPU
		{DC30E1F6-03B8-456E-AB3B-30F7C7951FF0}.Debug|Any CPU.ActiveCfg = Debug|Any CPU
		{DC30E1F6-03B8-456E-AB3B-30F7C7951FF0}.Debug|Any CPU.Build.0 = Debug|Any CPU
		{DC30E1F6-03B8-456E-AB3B-30F7C7951FF0}.Release|Any CPU.ActiveCfg = Release|Any CPU
		{DC30E1F6-03B8-456E-AB3B-30F7C7951FF0}.Release|Any CPU.Build.0 = Release|Any CPU
	EndGlobalSection
	GlobalSection(SolutionProperties) = preSolution
		HideSolutionNode = FALSE
	EndGlobalSection
	GlobalSection(ExtensibilityGlobals) = postSolution
		SolutionGuid = {A063B690-A967-441A-8309-91C2E36EBDF2}
	EndGlobalSection
EndGlobal
